
Microsoft Visual Studio Solution File, Format Version 12.00
# Visual Studio Version 17
VisualStudioVersion = 17.9.34616.47
MinimumVisualStudioVersion = 10.0.40219.1
Project("{FAE04EC0-301F-11D3-BF4B-00C04F79EFBC}") = "CSCI49500DPL_Capstone_ML_Project", "CSCI49500DPL_Capstone_ML_Project.csproj", "{CFC940FA-1391-4CFD-8015-D15492240546}"
EndProject
Global
	GlobalSection(SolutionConfigurationPlatforms) = preSolution
		Debug|Any CPU = Debug|Any CPU
		Release|Any CPU = Release|Any CPU
	EndGlobalSection
	GlobalSection(ProjectConfigurationPlatforms) = postSolution
		{CFC940FA-1391-4CFD-8015-D15492240546}.Debug|Any CPU.ActiveCfg = Debug|Any CPU
		{CFC940FA-1391-4CFD-8015-D15492240546}.Debug|Any CPU.Build.0 = Debug|Any CPU
		{CFC940FA-1391-4CFD-8015-D15492240546}.Release|Any CPU.ActiveCfg = Release|Any CPU
		{CFC940FA-1391-4CFD-8015-D15492240546}.Release|Any CPU.Build.0 = Release|Any CPU
	EndGlobalSection
	GlobalSection(SolutionProperties) = preSolution
		HideSolutionNode = FALSE
	EndGlobalSection
	GlobalSection(ExtensibilityGlobals) = postSolution
		SolutionGuid = {646A331F-F06B-45B7-B327-6E816BF927B7}
	EndGlobalSection
EndGlobal
